
Microsoft Visual Studio Solution File, Format Version 12.00
# Visual Studio 15
VisualStudioVersion = 15.0.28010.2041
MinimumVisualStudioVersion = 10.0.40219.1
Project("{FAE04EC0-301F-11D3-BF4B-00C04F79EFBC}") = "WebApiPaises", "WebApiPaises\WebApiPaises.csproj", "{A0ED3BB0-5ACA-4D2B-A43A-CD0C937D3D7D}"
EndProject
Global
	GlobalSection(SolutionConfigurationPlatforms) = preSolution
		Debug|Any CPU = Debug|Any CPU
		Release|Any CPU = Release|Any CPU
	EndGlobalSection
	GlobalSection(ProjectConfigurationPlatforms) = postSolution
		{A0ED3BB0-5ACA-4D2B-A43A-CD0C937D3D7D}.Debug|Any CPU.ActiveCfg = Debug|Any CPU
		{A0ED3BB0-5ACA-4D2B-A43A-CD0C937D3D7D}.Debug|Any CPU.Build.0 = Debug|Any CPU
		{A0ED3BB0-5ACA-4D2B-A43A-CD0C937D3D7D}.Release|Any CPU.ActiveCfg = Release|Any CPU
		{A0ED3BB0-5ACA-4D2B-A43A-CD0C937D3D7D}.Release|Any CPU.Build.0 = Release|Any CPU
	EndGlobalSection
	GlobalSection(SolutionProperties) = preSolution
		HideSolutionNode = FALSE
	EndGlobalSection
	GlobalSection(ExtensibilityGlobals) = postSolution
		SolutionGuid = {24E37A0F-50C7-430C-98B6-AFF95D9F026F}
	EndGlobalSection
EndGlobal
